
Microsoft Visual Studio Solution File, Format Version 12.00
# Visual Studio 15
Project("{FAE04EC0-301F-11D3-BF4B-00C04F79EFBC}") = "Assembly-CSharp", "Assembly-CSharp.csproj", "{D98BC65B-5BED-7099-3E96-C98E4F1EDFFB}"
EndProject
Global
	GlobalSection(SolutionConfigurationPlatforms) = preSolution
		Debug|Any CPU = Debug|Any CPU
		Release|Any CPU = Release|Any CPU
	EndGlobalSection
	GlobalSection(ProjectConfigurationPlatforms) = postSolution
		{D98BC65B-5BED-7099-3E96-C98E4F1EDFFB}.Debug|Any CPU.ActiveCfg = Debug|Any CPU
		{D98BC65B-5BED-7099-3E96-C98E4F1EDFFB}.Debug|Any CPU.Build.0 = Debug|Any CPU
		{D98BC65B-5BED-7099-3E96-C98E4F1EDFFB}.Release|Any CPU.ActiveCfg = Release|Any CPU
		{D98BC65B-5BED-7099-3E96-C98E4F1EDFFB}.Release|Any CPU.Build.0 = Release|Any CPU
	EndGlobalSection
	GlobalSection(SolutionProperties) = preSolution
		HideSolutionNode = FALSE
	EndGlobalSection
EndGlobal
